
Microsoft Visual Studio Solution File, Format Version 12.00
# Visual Studio Version 17
VisualStudioVersion = 17.9.34902.65
MinimumVisualStudioVersion = 10.0.40219.1
Project("{FAE04EC0-301F-11D3-BF4B-00C04F79EFBC}") = "AES Encryption", "AES Encryption.csproj", "{DC37DFC9-24D4-4FFE-B252-F6AE98378E69}"
EndProject
Global
	GlobalSection(SolutionConfigurationPlatforms) = preSolution
		Debug|Any CPU = Debug|Any CPU
		Release|Any CPU = Release|Any CPU
	EndGlobalSection
	GlobalSection(ProjectConfigurationPlatforms) = postSolution
		{DC37DFC9-24D4-4FFE-B252-F6AE98378E69}.Debug|Any CPU.ActiveCfg = Debug|Any CPU
		{DC37DFC9-24D4-4FFE-B252-F6AE98378E69}.Debug|Any CPU.Build.0 = Debug|Any CPU
		{DC37DFC9-24D4-4FFE-B252-F6AE98378E69}.Release|Any CPU.ActiveCfg = Release|Any CPU
		{DC37DFC9-24D4-4FFE-B252-F6AE98378E69}.Release|Any CPU.Build.0 = Release|Any CPU
	EndGlobalSection
	GlobalSection(SolutionProperties) = preSolution
		HideSolutionNode = FALSE
	EndGlobalSection
	GlobalSection(ExtensibilityGlobals) = postSolution
		SolutionGuid = {868EDA36-9B1A-43D4-8484-58531CB28520}
	EndGlobalSection
EndGlobal
